
Microsoft Visual Studio Solution File, Format Version 12.00
# Visual Studio Version 16
VisualStudioVersion = 16.0.29519.181
MinimumVisualStudioVersion = 10.0.40219.1
Project("{FAE04EC0-301F-11D3-BF4B-00C04F79EFBC}") = "Exercises", "Exercises\Exercises.csproj", "{E33FF645-1C76-43A3-B3A1-8F6EA08D327C}"
EndProject
Project("{FAE04EC0-301F-11D3-BF4B-00C04F79EFBC}") = "Exercises.Tests", "Exercises.Tests\Exercises.Tests.csproj", "{08733038-9648-4100-B14F-AC571E16DD55}"
EndProject
Project("{FAE04EC0-301F-11D3-BF4B-00C04F79EFBC}") = "LINQ.Exercises", "LINQ.Exercises\LINQ.Exercises.csproj", "{A3B60DD0-BC38-4023-B36C-A1A843361AA5}"
EndProject
Global
	GlobalSection(SolutionConfigurationPlatforms) = preSolution
		Debug|Any CPU = Debug|Any CPU
		Release|Any CPU = Release|Any CPU
	EndGlobalSection
	GlobalSection(ProjectConfigurationPlatforms) = postSolution
		{E33FF645-1C76-43A3-B3A1-8F6EA08D327C}.Debug|Any CPU.ActiveCfg = Debug|Any CPU
		{E33FF645-1C76-43A3-B3A1-8F6EA08D327C}.Debug|Any CPU.Build.0 = Debug|Any CPU
		{E33FF645-1C76-43A3-B3A1-8F6EA08D327C}.Release|Any CPU.ActiveCfg = Release|Any CPU
		{E33FF645-1C76-43A3-B3A1-8F6EA08D327C}.Release|Any CPU.Build.0 = Release|Any CPU
		{08733038-9648-4100-B14F-AC571E16DD55}.Debug|Any CPU.ActiveCfg = Debug|Any CPU
		{08733038-9648-4100-B14F-AC571E16DD55}.Debug|Any CPU.Build.0 = Debug|Any CPU
		{08733038-9648-4100-B14F-AC571E16DD55}.Release|Any CPU.ActiveCfg = Release|Any CPU
		{08733038-9648-4100-B14F-AC571E16DD55}.Release|Any CPU.Build.0 = Release|Any CPU
		{A3B60DD0-BC38-4023-B36C-A1A843361AA5}.Debug|Any CPU.ActiveCfg = Debug|Any CPU
		{A3B60DD0-BC38-4023-B36C-A1A843361AA5}.Debug|Any CPU.Build.0 = Debug|Any CPU
		{A3B60DD0-BC38-4023-B36C-A1A843361AA5}.Release|Any CPU.ActiveCfg = Release|Any CPU
		{A3B60DD0-BC38-4023-B36C-A1A843361AA5}.Release|Any CPU.Build.0 = Release|Any CPU
	EndGlobalSection
	GlobalSection(SolutionProperties) = preSolution
		HideSolutionNode = FALSE
	EndGlobalSection
	GlobalSection(ExtensibilityGlobals) = postSolution
		SolutionGuid = {54025578-59C3-4E04-8CEF-F99535086C92}
	EndGlobalSection
EndGlobal
