
Microsoft Visual Studio Solution File, Format Version 12.00
# Visual Studio Version 16
VisualStudioVersion = 16.0.30517.126
MinimumVisualStudioVersion = 10.0.40219.1
Project("{FAE04EC0-301F-11D3-BF4B-00C04F79EFBC}") = "Exercises", "Exercises.csproj", "{A61AF872-3CB6-4D82-9128-83A11013DE6B}"
EndProject
Global
	GlobalSection(SolutionConfigurationPlatforms) = preSolution
		Debug|Any CPU = Debug|Any CPU
		Release|Any CPU = Release|Any CPU
	EndGlobalSection
	GlobalSection(ProjectConfigurationPlatforms) = postSolution
		{A61AF872-3CB6-4D82-9128-83A11013DE6B}.Debug|Any CPU.ActiveCfg = Debug|Any CPU
		{A61AF872-3CB6-4D82-9128-83A11013DE6B}.Debug|Any CPU.Build.0 = Debug|Any CPU
		{A61AF872-3CB6-4D82-9128-83A11013DE6B}.Release|Any CPU.ActiveCfg = Release|Any CPU
		{A61AF872-3CB6-4D82-9128-83A11013DE6B}.Release|Any CPU.Build.0 = Release|Any CPU
	EndGlobalSection
	GlobalSection(SolutionProperties) = preSolution
		HideSolutionNode = FALSE
	EndGlobalSection
	GlobalSection(ExtensibilityGlobals) = postSolution
		SolutionGuid = {CBC6A3A7-E2E5-4BB5-BA01-7FE57190494F}
	EndGlobalSection
EndGlobal
